# This file is automatically @generated by Cargo.
# It is not intended for manual editing.
version = 4

[[package]]
name = "flo"
version = "0.1.0"

[[package]]
name = "flo-api"
version = "0.1.0"

[[package]]
name = "flo-pdk"
version = "0.1.0"

[[package]]
name = "flo-plugin-dummy"
version = "0.1.0"
